
Microsoft Visual Studio Solution File, Format Version 12.00
# Visual Studio Version 16
VisualStudioVersion = 16.0.29519.87
MinimumVisualStudioVersion = 10.0.40219.1
Project("{FAE04EC0-301F-11D3-BF4B-00C04F79EFBC}") = "DatingApp", "DatingApp.csproj", "{D6FE4697-E857-46FF-80D1-3FA30E445568}"
EndProject
Global
	GlobalSection(SolutionConfigurationPlatforms) = preSolution
		Debug|Any CPU = Debug|Any CPU
		Release|Any CPU = Release|Any CPU
	EndGlobalSection
	GlobalSection(ProjectConfigurationPlatforms) = postSolution
		{D6FE4697-E857-46FF-80D1-3FA30E445568}.Debug|Any CPU.ActiveCfg = Debug|Any CPU
		{D6FE4697-E857-46FF-80D1-3FA30E445568}.Debug|Any CPU.Build.0 = Debug|Any CPU
		{D6FE4697-E857-46FF-80D1-3FA30E445568}.Release|Any CPU.ActiveCfg = Release|Any CPU
		{D6FE4697-E857-46FF-80D1-3FA30E445568}.Release|Any CPU.Build.0 = Release|Any CPU
	EndGlobalSection
	GlobalSection(SolutionProperties) = preSolution
		HideSolutionNode = FALSE
	EndGlobalSection
	GlobalSection(ExtensibilityGlobals) = postSolution
		SolutionGuid = {CBC014B7-27E1-40A8-8566-AD0C9D6DBAB8}
	EndGlobalSection
EndGlobal
